
Microsoft Visual Studio Solution File, Format Version 12.00
# Visual Studio Version 17
VisualStudioVersion = 17.5.33530.505
MinimumVisualStudioVersion = 10.0.40219.1
Project("{FAE04EC0-301F-11D3-BF4B-00C04F79EFBC}") = "Imtihon", "Imtihon\Imtihon.csproj", "{EC9A9D3A-5539-442B-B767-1B38C040C65C}"
EndProject
Global
	GlobalSection(SolutionConfigurationPlatforms) = preSolution
		Debug|Any CPU = Debug|Any CPU
		Release|Any CPU = Release|Any CPU
	EndGlobalSection
	GlobalSection(ProjectConfigurationPlatforms) = postSolution
		{EC9A9D3A-5539-442B-B767-1B38C040C65C}.Debug|Any CPU.ActiveCfg = Debug|Any CPU
		{EC9A9D3A-5539-442B-B767-1B38C040C65C}.Debug|Any CPU.Build.0 = Debug|Any CPU
		{EC9A9D3A-5539-442B-B767-1B38C040C65C}.Release|Any CPU.ActiveCfg = Release|Any CPU
		{EC9A9D3A-5539-442B-B767-1B38C040C65C}.Release|Any CPU.Build.0 = Release|Any CPU
	EndGlobalSection
	GlobalSection(SolutionProperties) = preSolution
		HideSolutionNode = FALSE
	EndGlobalSection
	GlobalSection(ExtensibilityGlobals) = postSolution
		SolutionGuid = {5B6CDDC9-010D-4D11-BC65-D62A24A89AD0}
	EndGlobalSection
EndGlobal
